// !$*UTF8*$!
{
	archiveVersion = 1;
	classes = {
	};
	objectVersion = 55;
	objects = {

/* Begin PBXBuildFile section */
		838A33E528193638003C6C74 /* AsyncAlgorithmsVisualizationApp.swift in Sources */ = {isa = PBXBuildFile; fileRef = 838A33D528193637003C6C74 /* AsyncAlgorithmsVisualizationApp.swift */; };
		838A33E628193638003C6C74 /* AsyncAlgorithmsVisualizationApp.swift in Sources */ = {isa = PBXBuildFile; fileRef = 838A33D528193637003C6C74 /* AsyncAlgorithmsVisualizationApp.swift */; };
		838A33E728193638003C6C74 /* ContentView.swift in Sources */ = {isa = PBXBuildFile; fileRef = 838A33D628193637003C6C74 /* ContentView.swift */; };
		838A33E828193638003C6C74 /* ContentView.swift in Sources */ = {isa = PBXBuildFile; fileRef = 838A33D628193637003C6C74 /* ContentView.swift */; };
		838A33E928193638003C6C74 /* Assets.xcassets in Resources */ = {isa = PBXBuildFile; fileRef = 838A33D728193638003C6C74 /* Assets.xcassets */; };
		838A33EA28193638003C6C74 /* Assets.xcassets in Resources */ = {isa = PBXBuildFile; fileRef = 838A33D728193638003C6C74 /* Assets.xcassets */; };
		83CDF09D28193D75008BBAD4 /* AsyncAlgorithms in Frameworks */ = {isa = PBXBuildFile; productRef = 83CDF09C28193D75008BBAD4 /* AsyncAlgorithms */; };
		83CDF09F28197A48008BBAD4 /* Model.swift in Sources */ = {isa = PBXBuildFile; fileRef = 83CDF09E28197A48008BBAD4 /* Model.swift */; };
		83CDF0A028197A48008BBAD4 /* Model.swift in Sources */ = {isa = PBXBuildFile; fileRef = 83CDF09E28197A48008BBAD4 /* Model.swift */; };
		83CDF0A228197A62008BBAD4 /* TimelineView.swift in Sources */ = {isa = PBXBuildFile; fileRef = 83CDF0A128197A62008BBAD4 /* TimelineView.swift */; };
		83CDF0A328197A62008BBAD4 /* TimelineView.swift in Sources */ = {isa = PBXBuildFile; fileRef = 83CDF0A128197A62008BBAD4 /* TimelineView.swift */; };
		83CDF0A528197A89008BBAD4 /* Algorithms.swift in Sources */ = {isa = PBXBuildFile; fileRef = 83CDF0A428197A89008BBAD4 /* Algorithms.swift */; };
		83CDF0A628197A89008BBAD4 /* Algorithms.swift in Sources */ = {isa = PBXBuildFile; fileRef = 83CDF0A428197A89008BBAD4 /* Algorithms.swift */; };
/* End PBXBuildFile section */

/* Begin PBXFileReference section */
		838A33D528193637003C6C74 /* AsyncAlgorithmsVisualizationApp.swift */ = {isa = PBXFileReference; lastKnownFileType = sourcecode.swift; path = AsyncAlgorithmsVisualizationApp.swift; sourceTree = "<group>"; };
		838A33D628193637003C6C74 /* ContentView.swift */ = {isa = PBXFileReference; lastKnownFileType = sourcecode.swift; path = ContentView.swift; sourceTree = "<group>"; };
		838A33D728193638003C6C74 /* Assets.xcassets */ = {isa = PBXFileReference; lastKnownFileType = folder.assetcatalog; path = Assets.xcassets; sourceTree = "<group>"; };
		838A33DC28193638003C6C74 /* AsyncAlgorithmsVisualization.app */ = {isa = PBXFileReference; explicitFileType = wrapper.application; includeInIndex = 0; path = AsyncAlgorithmsVisualization.app; sourceTree = BUILT_PRODUCTS_DIR; };
		838A33E228193638003C6C74 /* AsyncAlgorithmsVisualization.app */ = {isa = PBXFileReference; explicitFileType = wrapper.application; includeInIndex = 0; path = AsyncAlgorithmsVisualization.app; sourceTree = BUILT_PRODUCTS_DIR; };
		838A33E428193638003C6C74 /* macOS.entitlements */ = {isa = PBXFileReference; lastKnownFileType = text.plist.entitlements; path = macOS.entitlements; sourceTree = "<group>"; };
		83CDF09E28197A48008BBAD4 /* Model.swift */ = {isa = PBXFileReference; lastKnownFileType = sourcecode.swift; path = Model.swift; sourceTree = "<group>"; };
		83CDF0A128197A62008BBAD4 /* TimelineView.swift */ = {isa = PBXFileReference; lastKnownFileType = sourcecode.swift; path = TimelineView.swift; sourceTree = "<group>"; };
		83CDF0A428197A89008BBAD4 /* Algorithms.swift */ = {isa = PBXFileReference; lastKnownFileType = sourcecode.swift; path = Algorithms.swift; sourceTree = "<group>"; };
/* End PBXFileReference section */

/* Begin PBXFrameworksBuildPhase section */
		838A33D928193638003C6C74 /* Frameworks */ = {
			isa = PBXFrameworksBuildPhase;
			buildActionMask = 2147483647;
			files = (
			);
			runOnlyForDeploymentPostprocessing = 0;
		};
		838A33DF28193638003C6C74 /* Frameworks */ = {
			isa = PBXFrameworksBuildPhase;
			buildActionMask = 2147483647;
			files = (
				83CDF09D28193D75008BBAD4 /* AsyncAlgorithms in Frameworks */,
			);
			runOnlyForDeploymentPostprocessing = 0;
		};
/* End PBXFrameworksBuildPhase section */

/* Begin PBXGroup section */
		838A33CF28193637003C6C74 = {
			isa = PBXGroup;
			children = (
				838A33D428193637003C6C74 /* Shared */,
				838A33E328193638003C6C74 /* macOS */,
				838A33DD28193638003C6C74 /* Products */,
			);
			sourceTree = "<group>";
		};
		838A33D428193637003C6C74 /* Shared */ = {
			isa = PBXGroup;
			children = (
				838A33D528193637003C6C74 /* AsyncAlgorithmsVisualizationApp.swift */,
				838A33D628193637003C6C74 /* ContentView.swift */,
				83CDF0A428197A89008BBAD4 /* Algorithms.swift */,
				83CDF0A128197A62008BBAD4 /* TimelineView.swift */,
				83CDF09E28197A48008BBAD4 /* Model.swift */,
				838A33D728193638003C6C74 /* Assets.xcassets */,
			);
			path = Shared;
			sourceTree = "<group>";
		};
		838A33DD28193638003C6C74 /* Products */ = {
			isa = PBXGroup;
			children = (
				838A33DC28193638003C6C74 /* AsyncAlgorithmsVisualization.app */,
				838A33E228193638003C6C74 /* AsyncAlgorithmsVisualization.app */,
			);
			name = Products;
			sourceTree = "<group>";
		};
		838A33E328193638003C6C74 /* macOS */ = {
			isa = PBXGroup;
			children = (
				838A33E428193638003C6C74 /* macOS.entitlements */,
			);
			path = macOS;
			sourceTree = "<group>";
		};
/* End PBXGroup section */

/* Begin PBXNativeTarget section */
		838A33DB28193638003C6C74 /* AsyncAlgorithmsVisualization (iOS) */ = {
			isa = PBXNativeTarget;
			buildConfigurationList = 838A33ED28193638003C6C74 /* Build configuration list for PBXNativeTarget "AsyncAlgorithmsVisualization (iOS)" */;
			buildPhases = (
				838A33D828193638003C6C74 /* Sources */,
				838A33D928193638003C6C74 /* Frameworks */,
				838A33DA28193638003C6C74 /* Resources */,
			);
			buildRules = (
			);
			dependencies = (
			);
			name = "AsyncAlgorithmsVisualization (iOS)";
			productName = "AsyncAlgorithmsVisualization (iOS)";
			productReference = 838A33DC28193638003C6C74 /* AsyncAlgorithmsVisualization.app */;
			productType = "com.apple.product-type.application";
		};
		838A33E128193638003C6C74 /* AsyncAlgorithmsVisualization (macOS) */ = {
			isa = PBXNativeTarget;
			buildConfigurationList = 838A33F028193638003C6C74 /* Build configuration list for PBXNativeTarget "AsyncAlgorithmsVisualization (macOS)" */;
			buildPhases = (
				838A33DE28193638003C6C74 /* Sources */,
				838A33DF28193638003C6C74 /* Frameworks */,
				838A33E028193638003C6C74 /* Resources */,
			);
			buildRules = (
			);
			dependencies = (
			);
			name = "AsyncAlgorithmsVisualization (macOS)";
			packageProductDependencies = (
				83CDF09C28193D75008BBAD4 /* AsyncAlgorithms */,
			);
			productName = "AsyncAlgorithmsVisualization (macOS)";
			productReference = 838A33E228193638003C6C74 /* AsyncAlgorithmsVisualization.app */;
			productType = "com.apple.product-type.application";
		};
/* End PBXNativeTarget section */

/* Begin PBXProject section */
		838A33D028193637003C6C74 /* Project object */ = {
			isa = PBXProject;
			attributes = {
				BuildIndependentTargetsInParallel = 1;
				LastSwiftUpdateCheck = 1330;
				LastUpgradeCheck = 1330;
				TargetAttributes = {
					838A33DB28193638003C6C74 = {
						CreatedOnToolsVersion = 13.3.1;
					};
					838A33E128193638003C6C74 = {
						CreatedOnToolsVersion = 13.3.1;
					};
				};
			};
			buildConfigurationList = 838A33D328193637003C6C74 /* Build configuration list for PBXProject "AsyncAlgorithmsVisualization" */;
			compatibilityVersion = "Xcode 13.0";
			developmentRegion = en;
			hasScannedForEncodings = 0;
			knownRegions = (
				en,
				Base,
			);
			mainGroup = 838A33CF28193637003C6C74;
			packageReferences = (
				83CDF09B28193D75008BBAD4 /* XCRemoteSwiftPackageReference "swift-async-algorithms" */,
			);
			productRefGroup = 838A33DD28193638003C6C74 /* Products */;
			projectDirPath = "";
			projectRoot = "";
			targets = (
				838A33DB28193638003C6C74 /* AsyncAlgorithmsVisualization (iOS) */,
				838A33E128193638003C6C74 /* AsyncAlgorithmsVisualization (macOS) */,
			);
		};
/* End PBXProject section */

/* Begin PBXResourcesBuildPhase section */
		838A33DA28193638003C6C74 /* Resources */ = {
			isa = PBXResourcesBuildPhase;
			buildActionMask = 2147483647;
			files = (
				838A33E928193638003C6C74 /* Assets.xcassets in Resources */,
			);
			runOnlyForDeploymentPostprocessing = 0;
		};
		838A33E028193638003C6C74 /* Resources */ = {
			isa = PBXResourcesBuildPhase;
			buildActionMask = 2147483647;
			files = (
				838A33EA28193638003C6C74 /* Assets.xcassets in Resources */,
			);
			runOnlyForDeploymentPostprocessing = 0;
		};
/* End PBXResourcesBuildPhase section */

/* Begin PBXSourcesBuildPhase section */
		838A33D828193638003C6C74 /* Sources */ = {
			isa = PBXSourcesBuildPhase;
			buildActionMask = 2147483647;
			files = (
				83CDF09F28197A48008BBAD4 /* Model.swift in Sources */,
				838A33E728193638003C6C74 /* ContentView.swift in Sources */,
				838A33E528193638003C6C74 /* AsyncAlgorithmsVisualizationApp.swift in Sources */,
				83CDF0A528197A89008BBAD4 /* Algorithms.swift in Sources */,
				83CDF0A228197A62008BBAD4 /* TimelineView.swift in Sources */,
			);
			runOnlyForDeploymentPostprocessing = 0;
		};
		838A33DE28193638003C6C74 /* Sources */ = {
			isa = PBXSourcesBuildPhase;
			buildActionMask = 2147483647;
			files = (
				83CDF0A028197A48008BBAD4 /* Model.swift in Sources */,
				838A33E828193638003C6C74 /* ContentView.swift in Sources */,
				838A33E628193638003C6C74 /* AsyncAlgorithmsVisualizationApp.swift in Sources */,
				83CDF0A628197A89008BBAD4 /* Algorithms.swift in Sources */,
				83CDF0A328197A62008BBAD4 /* TimelineView.swift in Sources */,
			);
			runOnlyForDeploymentPostprocessing = 0;
		};
/* End PBXSourcesBuildPhase section */

/* Begin XCBuildConfiguration section */
		838A33EB28193638003C6C74 /* Debug */ = {
			isa = XCBuildConfiguration;
			buildSettings = {
				ALWAYS_SEARCH_USER_PATHS = NO;
				CLANG_ANALYZER_NONNULL = YES;
				CLANG_ANALYZER_NUMBER_OBJECT_CONVERSION = YES_AGGRESSIVE;
				CLANG_CXX_LANGUAGE_STANDARD = "gnu++17";
				CLANG_ENABLE_MODULES = YES;
				CLANG_ENABLE_OBJC_ARC = YES;
				CLANG_ENABLE_OBJC_WEAK = YES;
				CLANG_WARN_BLOCK_CAPTURE_AUTORELEASING = YES;
				CLANG_WARN_BOOL_CONVERSION = YES;
				CLANG_WARN_COMMA = YES;
				CLANG_WARN_CONSTANT_CONVERSION = YES;
				CLANG_WARN_DEPRECATED_OBJC_IMPLEMENTATIONS = YES;
				CLANG_WARN_DIRECT_OBJC_ISA_USAGE = YES_ERROR;
				CLANG_WARN_DOCUMENTATION_COMMENTS = YES;
				CLANG_WARN_EMPTY_BODY = YES;
				CLANG_WARN_ENUM_CONVERSION = YES;
				CLANG_WARN_INFINITE_RECURSION = YES;
				CLANG_WARN_INT_CONVERSION = YES;
				CLANG_WARN_NON_LITERAL_NULL_CONVERSION = YES;
				CLANG_WARN_OBJC_IMPLICIT_RETAIN_SELF = YES;
				CLANG_WARN_OBJC_LITERAL_CONVERSION = YES;
				CLANG_WARN_OBJC_ROOT_CLASS = YES_ERROR;
				CLANG_WARN_QUOTED_INCLUDE_IN_FRAMEWORK_HEADER = YES;
				CLANG_WARN_RANGE_LOOP_ANALYSIS = YES;
				CLANG_WARN_STRICT_PROTOTYPES = YES;
				CLANG_WARN_SUSPICIOUS_MOVE = YES;
				CLANG_WARN_UNGUARDED_AVAILABILITY = YES_AGGRESSIVE;
				CLANG_WARN_UNREACHABLE_CODE = YES;
				CLANG_WARN__DUPLICATE_METHOD_MATCH = YES;
				COPY_PHASE_STRIP = NO;
				DEBUG_INFORMATION_FORMAT = dwarf;
				ENABLE_STRICT_OBJC_MSGSEND = YES;
				ENABLE_TESTABILITY = YES;
				GCC_C_LANGUAGE_STANDARD = gnu11;
				GCC_DYNAMIC_NO_PIC = NO;
				GCC_NO_COMMON_BLOCKS = YES;
				GCC_OPTIMIZATION_LEVEL = 0;
				GCC_PREPROCESSOR_DEFINITIONS = (
					"DEBUG=1",
					"$(inherited)",
				);
				GCC_WARN_64_TO_32_BIT_CONVERSION = YES;
				GCC_WARN_ABOUT_RETURN_TYPE = YES_ERROR;
				GCC_WARN_UNDECLARED_SELECTOR = YES;
				GCC_WARN_UNINITIALIZED_AUTOS = YES_AGGRESSIVE;
				GCC_WARN_UNUSED_FUNCTION = YES;
				GCC_WARN_UNUSED_VARIABLE = YES;
				MTL_ENABLE_DEBUG_INFO = INCLUDE_SOURCE;
				MTL_FAST_MATH = YES;
				ONLY_ACTIVE_ARCH = YES;
				SWIFT_ACTIVE_COMPILATION_CONDITIONS = DEBUG;
				SWIFT_OPTIMIZATION_LEVEL = "-Onone";
			};
			name = Debug;
		};
		838A33EC28193638003C6C74 /* Release */ = {
			isa = XCBuildConfiguration;
			buildSettings = {
				ALWAYS_SEARCH_USER_PATHS = NO;
				CLANG_ANALYZER_NONNULL = YES;
				CLANG_ANALYZER_NUMBER_OBJECT_CONVERSION = YES_AGGRESSIVE;
				CLANG_CXX_LANGUAGE_STANDARD = "gnu++17";
				CLANG_ENABLE_MODULES = YES;
				CLANG_ENABLE_OBJC_ARC = YES;
				CLANG_ENABLE_OBJC_WEAK = YES;
				CLANG_WARN_BLOCK_CAPTURE_AUTORELEASING = YES;
				CLANG_WARN_BOOL_CONVERSION = YES;
				CLANG_WARN_COMMA = YES;
				CLANG_WARN_CONSTANT_CONVERSION = YES;
				CLANG_WARN_DEPRECATED_OBJC_IMPLEMENTATIONS = YES;
				CLANG_WARN_DIRECT_OBJC_ISA_USAGE = YES_ERROR;
				CLANG_WARN_DOCUMENTATION_COMMENTS = YES;
				CLANG_WARN_EMPTY_BODY = YES;
				CLANG_WARN_ENUM_CONVERSION = YES;
				CLANG_WARN_INFINITE_RECURSION = YES;
				CLANG_WARN_INT_CONVERSION = YES;
				CLANG_WARN_NON_LITERAL_NULL_CONVERSION = YES;
				CLANG_WARN_OBJC_IMPLICIT_RETAIN_SELF = YES;
				CLANG_WARN_OBJC_LITERAL_CONVERSION = YES;
				CLANG_WARN_OBJC_ROOT_CLASS = YES_ERROR;
				CLANG_WARN_QUOTED_INCLUDE_IN_FRAMEWORK_HEADER = YES;
				CLANG_WARN_RANGE_LOOP_ANALYSIS = YES;
				CLANG_WARN_STRICT_PROTOTYPES = YES;
				CLANG_WARN_SUSPICIOUS_MOVE = YES;
				CLANG_WARN_UNGUARDED_AVAILABILITY = YES_AGGRESSIVE;
				CLANG_WARN_UNREACHABLE_CODE = YES;
				CLANG_WARN__DUPLICATE_METHOD_MATCH = YES;
				COPY_PHASE_STRIP = NO;
				DEBUG_INFORMATION_FORMAT = "dwarf-with-dsym";
				ENABLE_NS_ASSERTIONS = NO;
				ENABLE_STRICT_OBJC_MSGSEND = YES;
				GCC_C_LANGUAGE_STANDARD = gnu11;
				GCC_NO_COMMON_BLOCKS = YES;
				GCC_WARN_64_TO_32_BIT_CONVERSION = YES;
				GCC_WARN_ABOUT_RETURN_TYPE = YES_ERROR;
				GCC_WARN_UNDECLARED_SELECTOR = YES;
				GCC_WARN_UNINITIALIZED_AUTOS = YES_AGGRESSIVE;
				GCC_WARN_UNUSED_FUNCTION = YES;
				GCC_WARN_UNUSED_VARIABLE = YES;
				MTL_ENABLE_DEBUG_INFO = NO;
				MTL_FAST_MATH = YES;
				SWIFT_COMPILATION_MODE = wholemodule;
				SWIFT_OPTIMIZATION_LEVEL = "-O";
			};
			name = Release;
		};
		838A33EE28193638003C6C74 /* Debug */ = {
			isa = XCBuildConfiguration;
			buildSettings = {
				ASSETCATALOG_COMPILER_APPICON_NAME = AppIcon;
				ASSETCATALOG_COMPILER_GLOBAL_ACCENT_COLOR_NAME = AccentColor;
				CODE_SIGN_STYLE = Automatic;
				CURRENT_PROJECT_VERSION = 1;
				DEVELOPMENT_TEAM = 58PSC9526Y;
				ENABLE_PREVIEWS = YES;
				GENERATE_INFOPLIST_FILE = YES;
				INFOPLIST_KEY_UIApplicationSceneManifest_Generation = YES;
				INFOPLIST_KEY_UIApplicationSupportsIndirectInputEvents = YES;
				INFOPLIST_KEY_UILaunchScreen_Generation = YES;
				INFOPLIST_KEY_UISupportedInterfaceOrientations_iPad = "UIInterfaceOrientationPortrait UIInterfaceOrientationPortraitUpsideDown UIInterfaceOrientationLandscapeLeft UIInterfaceOrientationLandscapeRight";
				INFOPLIST_KEY_UISupportedInterfaceOrientations_iPhone = "UIInterfaceOrientationPortrait UIInterfaceOrientationLandscapeLeft UIInterfaceOrientationLandscapeRight";
				IPHONEOS_DEPLOYMENT_TARGET = 15.4;
				LD_RUNPATH_SEARCH_PATHS = (
					"$(inherited)",
					"@executable_path/Frameworks",
				);
				MARKETING_VERSION = 1.0;
				PRODUCT_BUNDLE_IDENTIFIER = io.objc.AsyncAlgorithmsVisualization;
				PRODUCT_NAME = AsyncAlgorithmsVisualization;
				SDKROOT = iphoneos;
				SWIFT_EMIT_LOC_STRINGS = YES;
				SWIFT_VERSION = 5.0;
				TARGETED_DEVICE_FAMILY = "1,2";
			};
			name = Debug;
		};
		838A33EF28193638003C6C74 /* Release */ = {
			isa = XCBuildConfiguration;
			buildSettings = {
				ASSETCATALOG_COMPILER_APPICON_NAME = AppIcon;
				ASSETCATALOG_COMPILER_GLOBAL_ACCENT_COLOR_NAME = AccentColor;
				CODE_SIGN_STYLE = Automatic;
				CURRENT_PROJECT_VERSION = 1;
				DEVELOPMENT_TEAM = 58PSC9526Y;
				ENABLE_PREVIEWS = YES;
				GENERATE_INFOPLIST_FILE = YES;
				INFOPLIST_KEY_UIApplicationSceneManifest_Generation = YES;
				INFOPLIST_KEY_UIApplicationSupportsIndirectInputEvents = YES;
				INFOPLIST_KEY_UILaunchScreen_Generation = YES;
				INFOPLIST_KEY_UISupportedInterfaceOrientations_iPad = "UIInterfaceOrientationPortrait UIInterfaceOrientationPortraitUpsideDown UIInterfaceOrientationLandscapeLeft UIInterfaceOrientationLandscapeRight";
				INFOPLIST_KEY_UISupportedInterfaceOrientations_iPhone = "UIInterfaceOrientationPortrait UIInterfaceOrientationLandscapeLeft UIInterfaceOrientationLandscapeRight";
				IPHONEOS_DEPLOYMENT_TARGET = 15.4;
				LD_RUNPATH_SEARCH_PATHS = (
					"$(inherited)",
					"@executable_path/Frameworks",
				);
				MARKETING_VERSION = 1.0;
				PRODUCT_BUNDLE_IDENTIFIER = io.objc.AsyncAlgorithmsVisualization;
				PRODUCT_NAME = AsyncAlgorithmsVisualization;
				SDKROOT = iphoneos;
				SWIFT_EMIT_LOC_STRINGS = YES;
				SWIFT_VERSION = 5.0;
				TARGETED_DEVICE_FAMILY = "1,2";
				VALIDATE_PRODUCT = YES;
			};
			name = Release;
		};
		838A33F128193638003C6C74 /* Debug */ = {
			isa = XCBuildConfiguration;
			buildSettings = {
				ASSETCATALOG_COMPILER_APPICON_NAME = AppIcon;
				ASSETCATALOG_COMPILER_GLOBAL_ACCENT_COLOR_NAME = AccentColor;
				CODE_SIGN_ENTITLEMENTS = macOS/macOS.entitlements;
				CODE_SIGN_STYLE = Automatic;
				COMBINE_HIDPI_IMAGES = YES;
				CURRENT_PROJECT_VERSION = 1;
				DEVELOPMENT_TEAM = 58PSC9526Y;
				ENABLE_HARDENED_RUNTIME = YES;
				ENABLE_PREVIEWS = YES;
				GENERATE_INFOPLIST_FILE = YES;
				INFOPLIST_KEY_NSHumanReadableCopyright = "";
				LD_RUNPATH_SEARCH_PATHS = (
					"$(inherited)",
					"@executable_path/../Frameworks",
				);
				MACOSX_DEPLOYMENT_TARGET = 12.1;
				MARKETING_VERSION = 1.0;
				PRODUCT_BUNDLE_IDENTIFIER = io.objc.AsyncAlgorithmsVisualization;
				PRODUCT_NAME = AsyncAlgorithmsVisualization;
				SDKROOT = macosx;
				SWIFT_EMIT_LOC_STRINGS = YES;
				SWIFT_VERSION = 5.0;
			};
			name = Debug;
		};
		838A33F228193638003C6C74 /* Release */ = {
			isa = XCBuildConfiguration;
			buildSettings = {
				ASSETCATALOG_COMPILER_APPICON_NAME = AppIcon;
				ASSETCATALOG_COMPILER_GLOBAL_ACCENT_COLOR_NAME = AccentColor;
				CODE_SIGN_ENTITLEMENTS = macOS/macOS.entitlements;
				CODE_SIGN_STYLE = Automatic;
				COMBINE_HIDPI_IMAGES = YES;
				CURRENT_PROJECT_VERSION = 1;
				DEVELOPMENT_TEAM = 58PSC9526Y;
				ENABLE_HARDENED_RUNTIME = YES;
				ENABLE_PREVIEWS = YES;
				GENERATE_INFOPLIST_FILE = YES;
				INFOPLIST_KEY_NSHumanReadableCopyright = "";
				LD_RUNPATH_SEARCH_PATHS = (
					"$(inherited)",
					"@executable_path/../Frameworks",
				);
				MACOSX_DEPLOYMENT_TARGET = 12.1;
				MARKETING_VERSION = 1.0;
				PRODUCT_BUNDLE_IDENTIFIER = io.objc.AsyncAlgorithmsVisualization;
				PRODUCT_NAME = AsyncAlgorithmsVisualization;
				SDKROOT = macosx;
				SWIFT_EMIT_LOC_STRINGS = YES;
				SWIFT_VERSION = 5.0;
			};
			name = Release;
		};
/* End XCBuildConfiguration section */

/* Begin XCConfigurationList section */
		838A33D328193637003C6C74 /* Build configuration list for PBXProject "AsyncAlgorithmsVisualization" */ = {
			isa = XCConfigurationList;
			buildConfigurations = (
				838A33EB28193638003C6C74 /* Debug */,
				838A33EC28193638003C6C74 /* Release */,
			);
			defaultConfigurationIsVisible = 0;
			defaultConfigurationName = Release;
		};
		838A33ED28193638003C6C74 /* Build configuration list for PBXNativeTarget "AsyncAlgorithmsVisualization (iOS)" */ = {
			isa = XCConfigurationList;
			buildConfigurations = (
				838A33EE28193638003C6C74 /* Debug */,
				838A33EF28193638003C6C74 /* Release */,
			);
			defaultConfigurationIsVisible = 0;
			defaultConfigurationName = Release;
		};
		838A33F028193638003C6C74 /* Build configuration list for PBXNativeTarget "AsyncAlgorithmsVisualization (macOS)" */ = {
			isa = XCConfigurationList;
			buildConfigurations = (
				838A33F128193638003C6C74 /* Debug */,
				838A33F228193638003C6C74 /* Release */,
			);
			defaultConfigurationIsVisible = 0;
			defaultConfigurationName = Release;
		};
/* End XCConfigurationList section */

/* Begin XCRemoteSwiftPackageReference section */
		83CDF09B28193D75008BBAD4 /* XCRemoteSwiftPackageReference "swift-async-algorithms" */ = {
			isa = XCRemoteSwiftPackageReference;
			repositoryURL = "https://github.com/apple/swift-async-algorithms.git";
			requirement = {
				branch = main;
				kind = branch;
			};
		};
/* End XCRemoteSwiftPackageReference section */

/* Begin XCSwiftPackageProductDependency section */
		83CDF09C28193D75008BBAD4 /* AsyncAlgorithms */ = {
			isa = XCSwiftPackageProductDependency;
			package = 83CDF09B28193D75008BBAD4 /* XCRemoteSwiftPackageReference "swift-async-algorithms" */;
			productName = AsyncAlgorithms;
		};
/* End XCSwiftPackageProductDependency section */
	};
	rootObject = 838A33D028193637003C6C74 /* Project object */;
}
